
Microsoft Visual Studio Solution File, Format Version 12.00
# Visual Studio 15
VisualStudioVersion = 15.0.28010.2036
MinimumVisualStudioVersion = 10.0.40219.1
Project("{FAE04EC0-301F-11D3-BF4B-00C04F79EFBC}") = "TestMVC", "TestMVC\TestMVC.csproj", "{1F5F6BCE-954A-4EBD-A455-61C13B2BACEB}"
EndProject
Global
	GlobalSection(SolutionConfigurationPlatforms) = preSolution
		Debug|Any CPU = Debug|Any CPU
		Release|Any CPU = Release|Any CPU
	EndGlobalSection
	GlobalSection(ProjectConfigurationPlatforms) = postSolution
		{1F5F6BCE-954A-4EBD-A455-61C13B2BACEB}.Debug|Any CPU.ActiveCfg = Debug|Any CPU
		{1F5F6BCE-954A-4EBD-A455-61C13B2BACEB}.Debug|Any CPU.Build.0 = Debug|Any CPU
		{1F5F6BCE-954A-4EBD-A455-61C13B2BACEB}.Release|Any CPU.ActiveCfg = Release|Any CPU
		{1F5F6BCE-954A-4EBD-A455-61C13B2BACEB}.Release|Any CPU.Build.0 = Release|Any CPU
	EndGlobalSection
	GlobalSection(SolutionProperties) = preSolution
		HideSolutionNode = FALSE
	EndGlobalSection
	GlobalSection(ExtensibilityGlobals) = postSolution
		SolutionGuid = {908D87AD-4D0D-456C-AA18-B8042887DB75}
	EndGlobalSection
EndGlobal
